
Microsoft Visual Studio Solution File, Format Version 12.00
# Visual Studio 14
VisualStudioVersion = 14.0.25420.1
MinimumVisualStudioVersion = 10.0.40219.1
Project("{2150E333-8FDC-42A3-9474-1A3956D46DE8}") = "Kishore", "Kishore", "{1CA80C03-3056-4E8E-A10F-DF4172E986DD}"
EndProject
Project("{2150E333-8FDC-42A3-9474-1A3956D46DE8}") = "Prashanth", "Prashanth", "{C607E049-3033-40BE-AB42-EDFD24723F77}"
EndProject
Project("{2150E333-8FDC-42A3-9474-1A3956D46DE8}") = "Nirmala", "Nirmala", "{AEC544B2-703A-452B-BC1C-67D1712F9AD1}"
EndProject
Project("{2150E333-8FDC-42A3-9474-1A3956D46DE8}") = "Radhika", "Radhika", "{EA48A361-4962-4887-934E-74A5FAE27B41}"
EndProject
Project("{2150E333-8FDC-42A3-9474-1A3956D46DE8}") = "Joy", "Joy", "{7673A467-3B07-46AB-B907-0E5EBD157D1A}"
EndProject
Project("{2150E333-8FDC-42A3-9474-1A3956D46DE8}") = "Jeevan", "Jeevan", "{8DA6142D-DE78-4406-8374-D98BEAC68CE3}"
EndProject
Project("{2150E333-8FDC-42A3-9474-1A3956D46DE8}") = "Vani", "Vani", "{2884FA45-E68D-4465-85A4-C54B91B2FE4E}"
EndProject
Project("{2150E333-8FDC-42A3-9474-1A3956D46DE8}") = "JP", "JP", "{CD66DCE7-AF15-411B-B09C-3CFF367B1CB3}"
EndProject
Project("{2150E333-8FDC-42A3-9474-1A3956D46DE8}") = "Joel", "Joel", "{F688094A-90B6-4FEA-8652-E784464BC159}"
EndProject
Project("{2150E333-8FDC-42A3-9474-1A3956D46DE8}") = "Ruth", "Ruth", "{79E94DDE-7965-4B0A-98C0-5012486F4DBB}"
EndProject
Project("{2150E333-8FDC-42A3-9474-1A3956D46DE8}") = "Srikanth", "Srikanth", "{9491DDB2-5583-41CC-88DB-21FB6E8F1999}"
EndProject
Project("{2150E333-8FDC-42A3-9474-1A3956D46DE8}") = "Swapna", "Swapna", "{8F232C64-CD97-410F-9018-A23348407AA4}"
EndProject
Project("{2150E333-8FDC-42A3-9474-1A3956D46DE8}") = "RajaRamesh", "RajaRamesh", "{CE69C42C-0EFF-401E-8A00-4D6B1DAD7857}"
EndProject
Project("{2150E333-8FDC-42A3-9474-1A3956D46DE8}") = "Grace", "Grace", "{EA53CAA2-700F-4A16-BF9A-50AD3D87B7CF}"
EndProject
Project("{2150E333-8FDC-42A3-9474-1A3956D46DE8}") = "Kranthi", "Kranthi", "{5D9D8FC1-4E4D-445C-B28E-787FC24B1002}"
EndProject
Project("{2150E333-8FDC-42A3-9474-1A3956D46DE8}") = "Sangeetha", "Sangeetha", "{7CAE8E96-08F1-4144-B2D5-81E0C987C721}"
EndProject
Project("{2150E333-8FDC-42A3-9474-1A3956D46DE8}") = "Anusha", "Anusha", "{A1EA816C-CADA-41CC-BDCD-FBC7F1BF2CC6}"
EndProject
Project("{2150E333-8FDC-42A3-9474-1A3956D46DE8}") = "David", "David", "{CD1D678E-56A9-4FBB-96AA-D78F28F8DDA4}"
EndProject
Project("{2150E333-8FDC-42A3-9474-1A3956D46DE8}") = "Srinivas", "Srinivas", "{3FBCD90F-BDB9-4829-9852-6B5EFA2EAEB8}"
EndProject
Project("{2150E333-8FDC-42A3-9474-1A3956D46DE8}") = "Bhanu", "Bhanu", "{AE5880E5-1482-4D31-B33B-C7D3C4CE76C1}"
EndProject
Project("{FAE04EC0-301F-11D3-BF4B-00C04F79EFBC}") = "Anusha.Assignment1", "anusha.assignment1\Anusha.Assignment1.csproj", "{F2B67CE7-9D20-4422-B4EB-F23249363C95}"
EndProject
Project("{FAE04EC0-301F-11D3-BF4B-00C04F79EFBC}") = "Bhanu.Assignment1", "bhanu.assignment1\Bhanu.Assignment1.csproj", "{F7FBCA1A-A969-467F-8C4F-FF460AF8C28A}"
EndProject
Project("{FAE04EC0-301F-11D3-BF4B-00C04F79EFBC}") = "David.Assignment1", "david.assignment1\David.Assignment1.csproj", "{BDDF5DBB-A325-446E-A270-25BC843F346C}"
EndProject
Project("{FAE04EC0-301F-11D3-BF4B-00C04F79EFBC}") = "Grace.Assignment1", "grace.assignment1\Grace.Assignment1.csproj", "{F63D7523-B938-43EC-990E-402FF92CABF4}"
EndProject
Project("{FAE04EC0-301F-11D3-BF4B-00C04F79EFBC}") = "Jeevan.Assignment1", "Jeevan.Assignment1\Jeevan.Assignment1.csproj", "{4C778FDD-5C6C-4C11-AC06-2BC8E3886B5D}"
EndProject
Project("{FAE04EC0-301F-11D3-BF4B-00C04F79EFBC}") = "Joel.Assignment1", "Joel.Assignment1\Joel.Assignment1.csproj", "{8F30C1B9-C359-46CB-B0E1-E78E6BAB8D60}"
EndProject
Project("{FAE04EC0-301F-11D3-BF4B-00C04F79EFBC}") = "Joy.Assignment1", "Joy.Assignment1\Joy.Assignment1.csproj", "{CEBC1E85-3F35-4C22-A443-FC89F3AB8118}"
EndProject
Project("{FAE04EC0-301F-11D3-BF4B-00C04F79EFBC}") = "JP.Assignment1", "JP.Assignment1\JP.Assignment1.csproj", "{0E04A9D5-26E2-40A3-9E5F-0463049A1763}"
EndProject
Project("{FAE04EC0-301F-11D3-BF4B-00C04F79EFBC}") = "Kishore.Assignment1", "Kishore.Assignment1\Kishore.Assignment1.csproj", "{9E1485AE-3DAF-4EB4-A273-96135FFEAF96}"
EndProject
Project("{FAE04EC0-301F-11D3-BF4B-00C04F79EFBC}") = "Kranthi.Assignment1", "Kranthi.Assignment1\Kranthi.Assignment1.csproj", "{979F0D8C-D73D-4A38-BD7B-153FCEE2CEB6}"
EndProject
Project("{FAE04EC0-301F-11D3-BF4B-00C04F79EFBC}") = "Nirmala.Assignment1", "Nirmala.Assignment1\Nirmala.Assignment1.csproj", "{175062CE-2E2D-4AC9-9D93-1DAD615782E2}"
EndProject
Project("{FAE04EC0-301F-11D3-BF4B-00C04F79EFBC}") = "Prashanth.Assignment1", "Prashanth.Assignment1\Prashanth.Assignment1.csproj", "{2AA4A51D-31F3-4389-A30E-DDFAC10C1AAC}"
EndProject
Project("{FAE04EC0-301F-11D3-BF4B-00C04F79EFBC}") = "Radhika.Assignment1", "Radhika.Assignment1\Radhika.Assignment1.csproj", "{F3083253-2EC5-4AA2-9326-479C8BBB44FA}"
EndProject
Project("{FAE04EC0-301F-11D3-BF4B-00C04F79EFBC}") = "RajaRamesh.Assignment1", "RajaRamesh.Assignment1\RajaRamesh.Assignment1.csproj", "{EAA0E043-5BA9-414D-B3C5-3BB20C7D18B3}"
EndProject
Project("{FAE04EC0-301F-11D3-BF4B-00C04F79EFBC}") = "Ruth.Assignment1", "Ruth.Assignment1\Ruth.Assignment1.csproj", "{339F28E6-6402-4AB0-9FB5-ABBCB8C719B0}"
EndProject
Project("{FAE04EC0-301F-11D3-BF4B-00C04F79EFBC}") = "Sangeetha.Assignment1", "Sangeetha.Assignment1\Sangeetha.Assignment1.csproj", "{49D930FC-7BFB-46CA-AD78-04F7F761E322}"
EndProject
Project("{FAE04EC0-301F-11D3-BF4B-00C04F79EFBC}") = "Srikanth.Assignment1", "Srikanth.Assignment1\Srikanth.Assignment1.csproj", "{E5B18957-AF3C-4A59-B24A-38BA393314C6}"
EndProject
Project("{FAE04EC0-301F-11D3-BF4B-00C04F79EFBC}") = "Srini.Assignment1", "Srini.Assignment1\Srini.Assignment1.csproj", "{6780B710-78E6-4DD6-BF8C-C5401C16A424}"
EndProject
Project("{FAE04EC0-301F-11D3-BF4B-00C04F79EFBC}") = "Swapna.Assignment1", "Swapna.Assignment1\Swapna.Assignment1.csproj", "{1B7F6F02-3362-4686-A0CF-66732CDB6C66}"
EndProject
Project("{FAE04EC0-301F-11D3-BF4B-00C04F79EFBC}") = "Vani.Assignment1", "Vani.Assignment1\Vani.Assignment1.csproj", "{CD1BD9D8-4D39-4F30-B102-C703B175CD9F}"
EndProject
Project("{FAE04EC0-301F-11D3-BF4B-00C04F79EFBC}") = "Vani.Assignment2", "Vani.Assignment2\Vani.Assignment2.csproj", "{6A36C74C-F10C-452A-BD45-BBD0FBF928F4}"
EndProject
Project("{FAE04EC0-301F-11D3-BF4B-00C04F79EFBC}") = "Anusha.Assignment2", "Anusha.Assignment2\Anusha.Assignment2.csproj", "{D6430CD9-3DD2-4035-9C34-D8F8E2483F18}"
EndProject
Project("{FAE04EC0-301F-11D3-BF4B-00C04F79EFBC}") = "Srikanth.Assignment2", "Srikanth.Assignment2\Srikanth.Assignment2\Srikanth.Assignment2.csproj", "{7A396BC0-3905-4220-BB92-21C722A77925}"
EndProject
Global
	GlobalSection(SolutionConfigurationPlatforms) = preSolution
		Debug|Any CPU = Debug|Any CPU
		Release|Any CPU = Release|Any CPU
	EndGlobalSection
	GlobalSection(ProjectConfigurationPlatforms) = postSolution
		{F2B67CE7-9D20-4422-B4EB-F23249363C95}.Debug|Any CPU.ActiveCfg = Debug|Any CPU
		{F2B67CE7-9D20-4422-B4EB-F23249363C95}.Debug|Any CPU.Build.0 = Debug|Any CPU
		{F2B67CE7-9D20-4422-B4EB-F23249363C95}.Release|Any CPU.ActiveCfg = Release|Any CPU
		{F2B67CE7-9D20-4422-B4EB-F23249363C95}.Release|Any CPU.Build.0 = Release|Any CPU
		{F7FBCA1A-A969-467F-8C4F-FF460AF8C28A}.Debug|Any CPU.ActiveCfg = Debug|Any CPU
		{F7FBCA1A-A969-467F-8C4F-FF460AF8C28A}.Debug|Any CPU.Build.0 = Debug|Any CPU
		{F7FBCA1A-A969-467F-8C4F-FF460AF8C28A}.Release|Any CPU.ActiveCfg = Release|Any CPU
		{F7FBCA1A-A969-467F-8C4F-FF460AF8C28A}.Release|Any CPU.Build.0 = Release|Any CPU
		{BDDF5DBB-A325-446E-A270-25BC843F346C}.Debug|Any CPU.ActiveCfg = Debug|Any CPU
		{BDDF5DBB-A325-446E-A270-25BC843F346C}.Debug|Any CPU.Build.0 = Debug|Any CPU
		{BDDF5DBB-A325-446E-A270-25BC843F346C}.Release|Any CPU.ActiveCfg = Release|Any CPU
		{BDDF5DBB-A325-446E-A270-25BC843F346C}.Release|Any CPU.Build.0 = Release|Any CPU
		{F63D7523-B938-43EC-990E-402FF92CABF4}.Debug|Any CPU.ActiveCfg = Debug|Any CPU
		{F63D7523-B938-43EC-990E-402FF92CABF4}.Debug|Any CPU.Build.0 = Debug|Any CPU
		{F63D7523-B938-43EC-990E-402FF92CABF4}.Release|Any CPU.ActiveCfg = Release|Any CPU
		{F63D7523-B938-43EC-990E-402FF92CABF4}.Release|Any CPU.Build.0 = Release|Any CPU
		{4C778FDD-5C6C-4C11-AC06-2BC8E3886B5D}.Debug|Any CPU.ActiveCfg = Debug|Any CPU
		{4C778FDD-5C6C-4C11-AC06-2BC8E3886B5D}.Debug|Any CPU.Build.0 = Debug|Any CPU
		{4C778FDD-5C6C-4C11-AC06-2BC8E3886B5D}.Release|Any CPU.ActiveCfg = Release|Any CPU
		{4C778FDD-5C6C-4C11-AC06-2BC8E3886B5D}.Release|Any CPU.Build.0 = Release|Any CPU
		{8F30C1B9-C359-46CB-B0E1-E78E6BAB8D60}.Debug|Any CPU.ActiveCfg = Debug|Any CPU
		{8F30C1B9-C359-46CB-B0E1-E78E6BAB8D60}.Debug|Any CPU.Build.0 = Debug|Any CPU
		{8F30C1B9-C359-46CB-B0E1-E78E6BAB8D60}.Release|Any CPU.ActiveCfg = Release|Any CPU
		{8F30C1B9-C359-46CB-B0E1-E78E6BAB8D60}.Release|Any CPU.Build.0 = Release|Any CPU
		{CEBC1E85-3F35-4C22-A443-FC89F3AB8118}.Debug|Any CPU.ActiveCfg = Debug|Any CPU
		{CEBC1E85-3F35-4C22-A443-FC89F3AB8118}.Debug|Any CPU.Build.0 = Debug|Any CPU
		{CEBC1E85-3F35-4C22-A443-FC89F3AB8118}.Release|Any CPU.ActiveCfg = Release|Any CPU
		{CEBC1E85-3F35-4C22-A443-FC89F3AB8118}.Release|Any CPU.Build.0 = Release|Any CPU
		{0E04A9D5-26E2-40A3-9E5F-0463049A1763}.Debug|Any CPU.ActiveCfg = Debug|Any CPU
		{0E04A9D5-26E2-40A3-9E5F-0463049A1763}.Debug|Any CPU.Build.0 = Debug|Any CPU
		{0E04A9D5-26E2-40A3-9E5F-0463049A1763}.Release|Any CPU.ActiveCfg = Release|Any CPU
		{0E04A9D5-26E2-40A3-9E5F-0463049A1763}.Release|Any CPU.Build.0 = Release|Any CPU
		{9E1485AE-3DAF-4EB4-A273-96135FFEAF96}.Debug|Any CPU.ActiveCfg = Debug|Any CPU
		{9E1485AE-3DAF-4EB4-A273-96135FFEAF96}.Debug|Any CPU.Build.0 = Debug|Any CPU
		{9E1485AE-3DAF-4EB4-A273-96135FFEAF96}.Release|Any CPU.ActiveCfg = Release|Any CPU
		{9E1485AE-3DAF-4EB4-A273-96135FFEAF96}.Release|Any CPU.Build.0 = Release|Any CPU
		{979F0D8C-D73D-4A38-BD7B-153FCEE2CEB6}.Debug|Any CPU.ActiveCfg = Debug|Any CPU
		{979F0D8C-D73D-4A38-BD7B-153FCEE2CEB6}.Debug|Any CPU.Build.0 = Debug|Any CPU
		{979F0D8C-D73D-4A38-BD7B-153FCEE2CEB6}.Release|Any CPU.ActiveCfg = Release|Any CPU
		{979F0D8C-D73D-4A38-BD7B-153FCEE2CEB6}.Release|Any CPU.Build.0 = Release|Any CPU
		{175062CE-2E2D-4AC9-9D93-1DAD615782E2}.Debug|Any CPU.ActiveCfg = Debug|Any CPU
		{175062CE-2E2D-4AC9-9D93-1DAD615782E2}.Debug|Any CPU.Build.0 = Debug|Any CPU
		{175062CE-2E2D-4AC9-9D93-1DAD615782E2}.Release|Any CPU.ActiveCfg = Release|Any CPU
		{175062CE-2E2D-4AC9-9D93-1DAD615782E2}.Release|Any CPU.Build.0 = Release|Any CPU
		{2AA4A51D-31F3-4389-A30E-DDFAC10C1AAC}.Debug|Any CPU.ActiveCfg = Debug|Any CPU
		{2AA4A51D-31F3-4389-A30E-DDFAC10C1AAC}.Debug|Any CPU.Build.0 = Debug|Any CPU
		{2AA4A51D-31F3-4389-A30E-DDFAC10C1AAC}.Release|Any CPU.ActiveCfg = Release|Any CPU
		{2AA4A51D-31F3-4389-A30E-DDFAC10C1AAC}.Release|Any CPU.Build.0 = Release|Any CPU
		{F3083253-2EC5-4AA2-9326-479C8BBB44FA}.Debug|Any CPU.ActiveCfg = Debug|Any CPU
		{F3083253-2EC5-4AA2-9326-479C8BBB44FA}.Debug|Any CPU.Build.0 = Debug|Any CPU
		{F3083253-2EC5-4AA2-9326-479C8BBB44FA}.Release|Any CPU.ActiveCfg = Release|Any CPU
		{F3083253-2EC5-4AA2-9326-479C8BBB44FA}.Release|Any CPU.Build.0 = Release|Any CPU
		{EAA0E043-5BA9-414D-B3C5-3BB20C7D18B3}.Debug|Any CPU.ActiveCfg = Debug|Any CPU
		{EAA0E043-5BA9-414D-B3C5-3BB20C7D18B3}.Debug|Any CPU.Build.0 = Debug|Any CPU
		{EAA0E043-5BA9-414D-B3C5-3BB20C7D18B3}.Release|Any CPU.ActiveCfg = Release|Any CPU
		{EAA0E043-5BA9-414D-B3C5-3BB20C7D18B3}.Release|Any CPU.Build.0 = Release|Any CPU
		{339F28E6-6402-4AB0-9FB5-ABBCB8C719B0}.Debug|Any CPU.ActiveCfg = Debug|Any CPU
		{339F28E6-6402-4AB0-9FB5-ABBCB8C719B0}.Debug|Any CPU.Build.0 = Debug|Any CPU
		{339F28E6-6402-4AB0-9FB5-ABBCB8C719B0}.Release|Any CPU.ActiveCfg = Release|Any CPU
		{339F28E6-6402-4AB0-9FB5-ABBCB8C719B0}.Release|Any CPU.Build.0 = Release|Any CPU
		{49D930FC-7BFB-46CA-AD78-04F7F761E322}.Debug|Any CPU.ActiveCfg = Debug|Any CPU
		{49D930FC-7BFB-46CA-AD78-04F7F761E322}.Debug|Any CPU.Build.0 = Debug|Any CPU
		{49D930FC-7BFB-46CA-AD78-04F7F761E322}.Release|Any CPU.ActiveCfg = Release|Any CPU
		{49D930FC-7BFB-46CA-AD78-04F7F761E322}.Release|Any CPU.Build.0 = Release|Any CPU
		{E5B18957-AF3C-4A59-B24A-38BA393314C6}.Debug|Any CPU.ActiveCfg = Debug|Any CPU
		{E5B18957-AF3C-4A59-B24A-38BA393314C6}.Debug|Any CPU.Build.0 = Debug|Any CPU
		{E5B18957-AF3C-4A59-B24A-38BA393314C6}.Release|Any CPU.ActiveCfg = Release|Any CPU
		{E5B18957-AF3C-4A59-B24A-38BA393314C6}.Release|Any CPU.Build.0 = Release|Any CPU
		{6780B710-78E6-4DD6-BF8C-C5401C16A424}.Debug|Any CPU.ActiveCfg = Debug|Any CPU
		{6780B710-78E6-4DD6-BF8C-C5401C16A424}.Debug|Any CPU.Build.0 = Debug|Any CPU
		{6780B710-78E6-4DD6-BF8C-C5401C16A424}.Release|Any CPU.ActiveCfg = Release|Any CPU
		{6780B710-78E6-4DD6-BF8C-C5401C16A424}.Release|Any CPU.Build.0 = Release|Any CPU
		{1B7F6F02-3362-4686-A0CF-66732CDB6C66}.Debug|Any CPU.ActiveCfg = Debug|Any CPU
		{1B7F6F02-3362-4686-A0CF-66732CDB6C66}.Debug|Any CPU.Build.0 = Debug|Any CPU
		{1B7F6F02-3362-4686-A0CF-66732CDB6C66}.Release|Any CPU.ActiveCfg = Release|Any CPU
		{1B7F6F02-3362-4686-A0CF-66732CDB6C66}.Release|Any CPU.Build.0 = Release|Any CPU
		{CD1BD9D8-4D39-4F30-B102-C703B175CD9F}.Debug|Any CPU.ActiveCfg = Debug|Any CPU
		{CD1BD9D8-4D39-4F30-B102-C703B175CD9F}.Debug|Any CPU.Build.0 = Debug|Any CPU
		{CD1BD9D8-4D39-4F30-B102-C703B175CD9F}.Release|Any CPU.ActiveCfg = Release|Any CPU
		{CD1BD9D8-4D39-4F30-B102-C703B175CD9F}.Release|Any CPU.Build.0 = Release|Any CPU
		{6A36C74C-F10C-452A-BD45-BBD0FBF928F4}.Debug|Any CPU.ActiveCfg = Debug|Any CPU
		{6A36C74C-F10C-452A-BD45-BBD0FBF928F4}.Debug|Any CPU.Build.0 = Debug|Any CPU
		{6A36C74C-F10C-452A-BD45-BBD0FBF928F4}.Release|Any CPU.ActiveCfg = Release|Any CPU
		{6A36C74C-F10C-452A-BD45-BBD0FBF928F4}.Release|Any CPU.Build.0 = Release|Any CPU
		{D6430CD9-3DD2-4035-9C34-D8F8E2483F18}.Debug|Any CPU.ActiveCfg = Debug|Any CPU
		{D6430CD9-3DD2-4035-9C34-D8F8E2483F18}.Debug|Any CPU.Build.0 = Debug|Any CPU
		{D6430CD9-3DD2-4035-9C34-D8F8E2483F18}.Release|Any CPU.ActiveCfg = Release|Any CPU
		{D6430CD9-3DD2-4035-9C34-D8F8E2483F18}.Release|Any CPU.Build.0 = Release|Any CPU
		{7A396BC0-3905-4220-BB92-21C722A77925}.Debug|Any CPU.ActiveCfg = Debug|Any CPU
		{7A396BC0-3905-4220-BB92-21C722A77925}.Debug|Any CPU.Build.0 = Debug|Any CPU
		{7A396BC0-3905-4220-BB92-21C722A77925}.Release|Any CPU.ActiveCfg = Release|Any CPU
		{7A396BC0-3905-4220-BB92-21C722A77925}.Release|Any CPU.Build.0 = Release|Any CPU
	EndGlobalSection
	GlobalSection(SolutionProperties) = preSolution
		HideSolutionNode = FALSE
	EndGlobalSection
	GlobalSection(NestedProjects) = preSolution
		{F2B67CE7-9D20-4422-B4EB-F23249363C95} = {A1EA816C-CADA-41CC-BDCD-FBC7F1BF2CC6}
		{F7FBCA1A-A969-467F-8C4F-FF460AF8C28A} = {AE5880E5-1482-4D31-B33B-C7D3C4CE76C1}
		{BDDF5DBB-A325-446E-A270-25BC843F346C} = {CD1D678E-56A9-4FBB-96AA-D78F28F8DDA4}
		{F63D7523-B938-43EC-990E-402FF92CABF4} = {EA53CAA2-700F-4A16-BF9A-50AD3D87B7CF}
		{4C778FDD-5C6C-4C11-AC06-2BC8E3886B5D} = {8DA6142D-DE78-4406-8374-D98BEAC68CE3}
		{8F30C1B9-C359-46CB-B0E1-E78E6BAB8D60} = {F688094A-90B6-4FEA-8652-E784464BC159}
		{CEBC1E85-3F35-4C22-A443-FC89F3AB8118} = {7673A467-3B07-46AB-B907-0E5EBD157D1A}
		{0E04A9D5-26E2-40A3-9E5F-0463049A1763} = {CD66DCE7-AF15-411B-B09C-3CFF367B1CB3}
		{9E1485AE-3DAF-4EB4-A273-96135FFEAF96} = {1CA80C03-3056-4E8E-A10F-DF4172E986DD}
		{979F0D8C-D73D-4A38-BD7B-153FCEE2CEB6} = {5D9D8FC1-4E4D-445C-B28E-787FC24B1002}
		{175062CE-2E2D-4AC9-9D93-1DAD615782E2} = {AEC544B2-703A-452B-BC1C-67D1712F9AD1}
		{2AA4A51D-31F3-4389-A30E-DDFAC10C1AAC} = {C607E049-3033-40BE-AB42-EDFD24723F77}
		{F3083253-2EC5-4AA2-9326-479C8BBB44FA} = {EA48A361-4962-4887-934E-74A5FAE27B41}
		{EAA0E043-5BA9-414D-B3C5-3BB20C7D18B3} = {CE69C42C-0EFF-401E-8A00-4D6B1DAD7857}
		{339F28E6-6402-4AB0-9FB5-ABBCB8C719B0} = {79E94DDE-7965-4B0A-98C0-5012486F4DBB}
		{49D930FC-7BFB-46CA-AD78-04F7F761E322} = {7CAE8E96-08F1-4144-B2D5-81E0C987C721}
		{E5B18957-AF3C-4A59-B24A-38BA393314C6} = {9491DDB2-5583-41CC-88DB-21FB6E8F1999}
		{6780B710-78E6-4DD6-BF8C-C5401C16A424} = {3FBCD90F-BDB9-4829-9852-6B5EFA2EAEB8}
		{1B7F6F02-3362-4686-A0CF-66732CDB6C66} = {8F232C64-CD97-410F-9018-A23348407AA4}
		{CD1BD9D8-4D39-4F30-B102-C703B175CD9F} = {2884FA45-E68D-4465-85A4-C54B91B2FE4E}
		{6A36C74C-F10C-452A-BD45-BBD0FBF928F4} = {2884FA45-E68D-4465-85A4-C54B91B2FE4E}
		{D6430CD9-3DD2-4035-9C34-D8F8E2483F18} = {A1EA816C-CADA-41CC-BDCD-FBC7F1BF2CC6}
		{7A396BC0-3905-4220-BB92-21C722A77925} = {9491DDB2-5583-41CC-88DB-21FB6E8F1999}
	EndGlobalSection
EndGlobal
